
Microsoft Visual Studio Solution File, Format Version 12.00
# Visual Studio Version 17
VisualStudioVersion = 17.0.32002.185
MinimumVisualStudioVersion = 10.0.40219.1
Project("{FAE04EC0-301F-11D3-BF4B-00C04F79EFBC}") = "Marketplace.API", "Marketplace.API\Marketplace.API.csproj", "{EFA27173-0A36-468A-875A-EB00F11A8CEA}"
EndProject
Project("{FAE04EC0-301F-11D3-BF4B-00C04F79EFBC}") = "Marketplace.DAL", "Marketplace.DAL\Marketplace.DAL.csproj", "{34242A73-92A3-456B-B431-1AB0F4F9D667}"
EndProject
Project("{FAE04EC0-301F-11D3-BF4B-00C04F79EFBC}") = "Marketplace.BL", "Marketplace.BL\Marketplace.BL.csproj", "{A7033AB0-08E9-48B3-A8E7-C91A747F97C8}"
EndProject
Project("{FAE04EC0-301F-11D3-BF4B-00C04F79EFBC}") = "Marketplace.Tests", "Marketplace.Tests\Marketplace.Tests.csproj", "{1D8938D4-45D6-4758-9B34-B8F75F97D3EF}"
EndProject
Global
	GlobalSection(SolutionConfigurationPlatforms) = preSolution
		Debug|Any CPU = Debug|Any CPU
		Release|Any CPU = Release|Any CPU
	EndGlobalSection
	GlobalSection(ProjectConfigurationPlatforms) = postSolution
		{EFA27173-0A36-468A-875A-EB00F11A8CEA}.Debug|Any CPU.ActiveCfg = Debug|Any CPU
		{EFA27173-0A36-468A-875A-EB00F11A8CEA}.Debug|Any CPU.Build.0 = Debug|Any CPU
		{EFA27173-0A36-468A-875A-EB00F11A8CEA}.Release|Any CPU.ActiveCfg = Release|Any CPU
		{EFA27173-0A36-468A-875A-EB00F11A8CEA}.Release|Any CPU.Build.0 = Release|Any CPU
		{34242A73-92A3-456B-B431-1AB0F4F9D667}.Debug|Any CPU.ActiveCfg = Debug|Any CPU
		{34242A73-92A3-456B-B431-1AB0F4F9D667}.Debug|Any CPU.Build.0 = Debug|Any CPU
		{34242A73-92A3-456B-B431-1AB0F4F9D667}.Release|Any CPU.ActiveCfg = Release|Any CPU
		{34242A73-92A3-456B-B431-1AB0F4F9D667}.Release|Any CPU.Build.0 = Release|Any CPU
		{A7033AB0-08E9-48B3-A8E7-C91A747F97C8}.Debug|Any CPU.ActiveCfg = Debug|Any CPU
		{A7033AB0-08E9-48B3-A8E7-C91A747F97C8}.Debug|Any CPU.Build.0 = Debug|Any CPU
		{A7033AB0-08E9-48B3-A8E7-C91A747F97C8}.Release|Any CPU.ActiveCfg = Release|Any CPU
		{A7033AB0-08E9-48B3-A8E7-C91A747F97C8}.Release|Any CPU.Build.0 = Release|Any CPU
		{1D8938D4-45D6-4758-9B34-B8F75F97D3EF}.Debug|Any CPU.ActiveCfg = Debug|Any CPU
		{1D8938D4-45D6-4758-9B34-B8F75F97D3EF}.Debug|Any CPU.Build.0 = Debug|Any CPU
		{1D8938D4-45D6-4758-9B34-B8F75F97D3EF}.Release|Any CPU.ActiveCfg = Release|Any CPU
		{1D8938D4-45D6-4758-9B34-B8F75F97D3EF}.Release|Any CPU.Build.0 = Release|Any CPU
	EndGlobalSection
	GlobalSection(SolutionProperties) = preSolution
		HideSolutionNode = FALSE
	EndGlobalSection
	GlobalSection(ExtensibilityGlobals) = postSolution
		SolutionGuid = {AF7AC0CD-0FFB-4DE5-A681-8F792C3A02D6}
	EndGlobalSection
EndGlobal
